
Microsoft Visual Studio Solution File, Format Version 12.00
# Visual Studio Version 17
VisualStudioVersion = 17.0.32126.317
MinimumVisualStudioVersion = 10.0.40219.1
Project("{FAE04EC0-301F-11D3-BF4B-00C04F79EFBC}") = "M17E_TrabalhoModelo_2021_22", "M17E_TrabalhoModelo_2021_22\M17E_TrabalhoModelo_2021_22.csproj", "{EDBF0B45-AC23-47E2-BCAD-9DB280A42A4E}"
EndProject
Global
	GlobalSection(SolutionConfigurationPlatforms) = preSolution
		Debug|Any CPU = Debug|Any CPU
		Release|Any CPU = Release|Any CPU
	EndGlobalSection
	GlobalSection(ProjectConfigurationPlatforms) = postSolution
		{EDBF0B45-AC23-47E2-BCAD-9DB280A42A4E}.Debug|Any CPU.ActiveCfg = Debug|Any CPU
		{EDBF0B45-AC23-47E2-BCAD-9DB280A42A4E}.Debug|Any CPU.Build.0 = Debug|Any CPU
		{EDBF0B45-AC23-47E2-BCAD-9DB280A42A4E}.Release|Any CPU.ActiveCfg = Release|Any CPU
		{EDBF0B45-AC23-47E2-BCAD-9DB280A42A4E}.Release|Any CPU.Build.0 = Release|Any CPU
	EndGlobalSection
	GlobalSection(SolutionProperties) = preSolution
		HideSolutionNode = FALSE
	EndGlobalSection
	GlobalSection(ExtensibilityGlobals) = postSolution
		SolutionGuid = {B1AF7F24-369F-482E-B1D3-6BDEBF6B1F1D}
	EndGlobalSection
EndGlobal
